
Microsoft Visual Studio Solution File, Format Version 12.00
# Visual Studio Version 17
VisualStudioVersion = 17.7.34024.191
MinimumVisualStudioVersion = 10.0.40219.1
Project("{FAE04EC0-301F-11D3-BF4B-00C04F79EFBC}") = "future1", "future1\future1.csproj", "{657465B0-B5AF-4E6E-8AFE-D38363C08B01}"
EndProject
Global
	GlobalSection(SolutionConfigurationPlatforms) = preSolution
		Debug|Any CPU = Debug|Any CPU
		Release|Any CPU = Release|Any CPU
	EndGlobalSection
	GlobalSection(ProjectConfigurationPlatforms) = postSolution
		{657465B0-B5AF-4E6E-8AFE-D38363C08B01}.Debug|Any CPU.ActiveCfg = Debug|Any CPU
		{657465B0-B5AF-4E6E-8AFE-D38363C08B01}.Debug|Any CPU.Build.0 = Debug|Any CPU
		{657465B0-B5AF-4E6E-8AFE-D38363C08B01}.Release|Any CPU.ActiveCfg = Release|Any CPU
		{657465B0-B5AF-4E6E-8AFE-D38363C08B01}.Release|Any CPU.Build.0 = Release|Any CPU
	EndGlobalSection
	GlobalSection(SolutionProperties) = preSolution
		HideSolutionNode = FALSE
	EndGlobalSection
	GlobalSection(ExtensibilityGlobals) = postSolution
		SolutionGuid = {B9AA6CEC-3559-4F3A-A40B-F53686F02DC7}
	EndGlobalSection
EndGlobal
